
Microsoft Visual Studio Solution File, Format Version 12.00
# Visual Studio 15
VisualStudioVersion = 15.0.27703.2042
MinimumVisualStudioVersion = 10.0.40219.1
Project("{FAE04EC0-301F-11D3-BF4B-00C04F79EFBC}") = "CSharp_Modulo_Benchmark", "CSharp_Modulo_Benchmark\CSharp_Modulo_Benchmark.csproj", "{09AC0C88-544D-44B2-BEA8-295E08F3892E}"
EndProject
Global
	GlobalSection(SolutionConfigurationPlatforms) = preSolution
		Debug|Any CPU = Debug|Any CPU
		Release|Any CPU = Release|Any CPU
	EndGlobalSection
	GlobalSection(ProjectConfigurationPlatforms) = postSolution
		{09AC0C88-544D-44B2-BEA8-295E08F3892E}.Debug|Any CPU.ActiveCfg = Debug|Any CPU
		{09AC0C88-544D-44B2-BEA8-295E08F3892E}.Debug|Any CPU.Build.0 = Debug|Any CPU
		{09AC0C88-544D-44B2-BEA8-295E08F3892E}.Release|Any CPU.ActiveCfg = Release|Any CPU
		{09AC0C88-544D-44B2-BEA8-295E08F3892E}.Release|Any CPU.Build.0 = Release|Any CPU
	EndGlobalSection
	GlobalSection(SolutionProperties) = preSolution
		HideSolutionNode = FALSE
	EndGlobalSection
	GlobalSection(ExtensibilityGlobals) = postSolution
		SolutionGuid = {5A80EDAC-953E-4CDE-B0BC-55E531731B9A}
	EndGlobalSection
EndGlobal
